
Microsoft Visual Studio Solution File, Format Version 12.00
# Visual Studio Version 16
VisualStudioVersion = 16.0.30804.86
MinimumVisualStudioVersion = 10.0.40219.1
Project("{FAE04EC0-301F-11D3-BF4B-00C04F79EFBC}") = "001. BasicGrammar", "001. BasicGrammar.csproj", "{11729584-8F23-4F1D-9290-EA66112D855B}"
EndProject
Global
	GlobalSection(SolutionConfigurationPlatforms) = preSolution
		Debug|Any CPU = Debug|Any CPU
		Release|Any CPU = Release|Any CPU
	EndGlobalSection
	GlobalSection(ProjectConfigurationPlatforms) = postSolution
		{11729584-8F23-4F1D-9290-EA66112D855B}.Debug|Any CPU.ActiveCfg = Debug|Any CPU
		{11729584-8F23-4F1D-9290-EA66112D855B}.Debug|Any CPU.Build.0 = Debug|Any CPU
		{11729584-8F23-4F1D-9290-EA66112D855B}.Release|Any CPU.ActiveCfg = Release|Any CPU
		{11729584-8F23-4F1D-9290-EA66112D855B}.Release|Any CPU.Build.0 = Release|Any CPU
	EndGlobalSection
	GlobalSection(SolutionProperties) = preSolution
		HideSolutionNode = FALSE
	EndGlobalSection
	GlobalSection(ExtensibilityGlobals) = postSolution
		SolutionGuid = {DADB64BD-B9A6-4884-9942-C634596DECD1}
	EndGlobalSection
EndGlobal
