
Microsoft Visual Studio Solution File, Format Version 12.00
# Visual Studio Version 17
VisualStudioVersion = 17.1.32421.90
MinimumVisualStudioVersion = 10.0.40219.1
Project("{FAE04EC0-301F-11D3-BF4B-00C04F79EFBC}") = "0001. BasicGrammar", "0001. BasicGrammar.csproj", "{11729584-8F23-4F1D-9290-EA66112D855B}"
EndProject
Project("{9A19103F-16F7-4668-BE54-9A1E7A4F7556}") = "0003. AdvanceGrammar", "..\03.AdvanceGrammar\0003. AdvanceGrammar.csproj", "{F868934F-FFB6-460B-8205-D80B38DBCABB}"
EndProject
Project("{9A19103F-16F7-4668-BE54-9A1E7A4F7556}") = "0002. MiddleGrammar", "..\02.MiddleGrammar\0002. MiddleGrammar.csproj", "{CFE662D9-C2F9-41B5-B464-7E9044F10F29}"
EndProject
Global
	GlobalSection(SolutionConfigurationPlatforms) = preSolution
		Debug|Any CPU = Debug|Any CPU
		Release|Any CPU = Release|Any CPU
	EndGlobalSection
	GlobalSection(ProjectConfigurationPlatforms) = postSolution
		{11729584-8F23-4F1D-9290-EA66112D855B}.Debug|Any CPU.ActiveCfg = Debug|Any CPU
		{11729584-8F23-4F1D-9290-EA66112D855B}.Debug|Any CPU.Build.0 = Debug|Any CPU
		{11729584-8F23-4F1D-9290-EA66112D855B}.Release|Any CPU.ActiveCfg = Release|Any CPU
		{11729584-8F23-4F1D-9290-EA66112D855B}.Release|Any CPU.Build.0 = Release|Any CPU
		{F868934F-FFB6-460B-8205-D80B38DBCABB}.Debug|Any CPU.ActiveCfg = Debug|Any CPU
		{F868934F-FFB6-460B-8205-D80B38DBCABB}.Debug|Any CPU.Build.0 = Debug|Any CPU
		{F868934F-FFB6-460B-8205-D80B38DBCABB}.Release|Any CPU.ActiveCfg = Release|Any CPU
		{F868934F-FFB6-460B-8205-D80B38DBCABB}.Release|Any CPU.Build.0 = Release|Any CPU
		{CFE662D9-C2F9-41B5-B464-7E9044F10F29}.Debug|Any CPU.ActiveCfg = Debug|Any CPU
		{CFE662D9-C2F9-41B5-B464-7E9044F10F29}.Debug|Any CPU.Build.0 = Debug|Any CPU
		{CFE662D9-C2F9-41B5-B464-7E9044F10F29}.Release|Any CPU.ActiveCfg = Release|Any CPU
		{CFE662D9-C2F9-41B5-B464-7E9044F10F29}.Release|Any CPU.Build.0 = Release|Any CPU
	EndGlobalSection
	GlobalSection(SolutionProperties) = preSolution
		HideSolutionNode = FALSE
	EndGlobalSection
	GlobalSection(ExtensibilityGlobals) = postSolution
		SolutionGuid = {DADB64BD-B9A6-4884-9942-C634596DECD1}
	EndGlobalSection
EndGlobal
